
Microsoft Visual Studio Solution File, Format Version 12.00
# Visual Studio Version 16
VisualStudioVersion = 16.0.29728.190
MinimumVisualStudioVersion = 10.0.40219.1
Project("{FAE04EC0-301F-11D3-BF4B-00C04F79EFBC}") = "DapperCRUDAPI", "DapperCRUDAPI.csproj", "{3034F5F0-286A-4313-AF38-46529938368F}"
EndProject
Global
	GlobalSection(SolutionConfigurationPlatforms) = preSolution
		Debug|Any CPU = Debug|Any CPU
		Release|Any CPU = Release|Any CPU
	EndGlobalSection
	GlobalSection(ProjectConfigurationPlatforms) = postSolution
		{3034F5F0-286A-4313-AF38-46529938368F}.Debug|Any CPU.ActiveCfg = Debug|Any CPU
		{3034F5F0-286A-4313-AF38-46529938368F}.Debug|Any CPU.Build.0 = Debug|Any CPU
		{3034F5F0-286A-4313-AF38-46529938368F}.Release|Any CPU.ActiveCfg = Release|Any CPU
		{3034F5F0-286A-4313-AF38-46529938368F}.Release|Any CPU.Build.0 = Release|Any CPU
	EndGlobalSection
	GlobalSection(SolutionProperties) = preSolution
		HideSolutionNode = FALSE
	EndGlobalSection
	GlobalSection(ExtensibilityGlobals) = postSolution
		SolutionGuid = {65200706-45A0-4FE2-81BB-B21DCA6B65C3}
	EndGlobalSection
EndGlobal
